
Microsoft Visual Studio Solution File, Format Version 12.00
# Visual Studio Version 16
VisualStudioVersion = 16.0.29411.108
MinimumVisualStudioVersion = 10.0.40219.1
Project("{FAE04EC0-301F-11D3-BF4B-00C04F79EFBC}") = "오픈소스 서버", "오픈소스 서버\오픈소스 서버.csproj", "{B74DE727-4587-44F7-B230-E4D4289D2FD9}"
EndProject
Global
	GlobalSection(SolutionConfigurationPlatforms) = preSolution
		Debug|Any CPU = Debug|Any CPU
		Release|Any CPU = Release|Any CPU
	EndGlobalSection
	GlobalSection(ProjectConfigurationPlatforms) = postSolution
		{B74DE727-4587-44F7-B230-E4D4289D2FD9}.Debug|Any CPU.ActiveCfg = Debug|Any CPU
		{B74DE727-4587-44F7-B230-E4D4289D2FD9}.Debug|Any CPU.Build.0 = Debug|Any CPU
		{B74DE727-4587-44F7-B230-E4D4289D2FD9}.Release|Any CPU.ActiveCfg = Release|Any CPU
		{B74DE727-4587-44F7-B230-E4D4289D2FD9}.Release|Any CPU.Build.0 = Release|Any CPU
	EndGlobalSection
	GlobalSection(SolutionProperties) = preSolution
		HideSolutionNode = FALSE
	EndGlobalSection
	GlobalSection(ExtensibilityGlobals) = postSolution
		SolutionGuid = {35DDCF46-66FE-454D-A4F6-0DB3FC1B873D}
	EndGlobalSection
EndGlobal
